# This file is automatically @generated by Cargo.
# It is not intended for manual editing.
version = 3

[[package]]
name = "aoc-rust"
version = "0.1.0"
dependencies = [
 "opencl3",
]

[[package]]
name = "cl3"
version = "0.9.1"
source = "registry+https://github.com/rust-lang/crates.io-index"
checksum = "0e014961508a981c7ef28a65d0c965af7061593b4db50cff83952c62931b39ec"
dependencies = [
 "libc",
 "opencl-sys",
]

[[package]]
name = "libc"
version = "0.2.139"
source = "registry+https://github.com/rust-lang/crates.io-index"
checksum = "201de327520df007757c1f0adce6e827fe8562fbc28bfd9c15571c66ca1f5f79"

[[package]]
name = "opencl-sys"
version = "0.2.4"
source = "registry+https://github.com/rust-lang/crates.io-index"
checksum = "e75919008b8ed7ce9620e2b3580c648db40c7f564a368f271b2647145046d8ba"
dependencies = [
 "libc",
]

[[package]]
name = "opencl3"
version = "0.9.2"
source = "registry+https://github.com/rust-lang/crates.io-index"
checksum = "274085527b193703ea266b8b09bc0f93b2b123da9b50cc7923a7c3e84bda34e3"
dependencies = [
 "cl3",
 "libc",
]
